// !$*UTF8*$!
{
	archiveVersion = 1;
	classes = {
	};
	objectVersion = 55;
	objects = {

/* Begin PBXBuildFile section */
		868065FB28BCC60F0009E244 /* AppDelegate.m in Sources */ = {isa = PBXBuildFile; fileRef = 868065FA28BCC60F0009E244 /* AppDelegate.m */; };
		868065FE28BCC60F0009E244 /* SceneDelegate.m in Sources */ = {isa = PBXBuildFile; fileRef = 868065FD28BCC60F0009E244 /* SceneDelegate.m */; };
		8680660128BCC60F0009E244 /* ViewController.m in Sources */ = {isa = PBXBuildFile; fileRef = 8680660028BCC60F0009E244 /* ViewController.m */; };
		8680660428BCC60F0009E244 /* Main.storyboard in Resources */ = {isa = PBXBuildFile; fileRef = 8680660228BCC60F0009E244 /* Main.storyboard */; };
		8680660728BCC60F0009E244 /* FishHook.xcdatamodeld in Sources */ = {isa = PBXBuildFile; fileRef = 8680660528BCC60F0009E244 /* FishHook.xcdatamodeld */; };
		8680660928BCC6140009E244 /* Assets.xcassets in Resources */ = {isa = PBXBuildFile; fileRef = 8680660828BCC6140009E244 /* Assets.xcassets */; };
		8680660C28BCC6140009E244 /* LaunchScreen.storyboard in Resources */ = {isa = PBXBuildFile; fileRef = 8680660A28BCC6140009E244 /* LaunchScreen.storyboard */; };
		8680660F28BCC6140009E244 /* main.m in Sources */ = {isa = PBXBuildFile; fileRef = 8680660E28BCC6140009E244 /* main.m */; };
		8680661928BCC6150009E244 /* FishHookTests.m in Sources */ = {isa = PBXBuildFile; fileRef = 8680661828BCC6150009E244 /* FishHookTests.m */; };
		8680662328BCC6150009E244 /* FishHookUITests.m in Sources */ = {isa = PBXBuildFile; fileRef = 8680662228BCC6150009E244 /* FishHookUITests.m */; };
		8680662528BCC6150009E244 /* FishHookUITestsLaunchTests.m in Sources */ = {isa = PBXBuildFile; fileRef = 8680662428BCC6150009E244 /* FishHookUITestsLaunchTests.m */; };
/* End PBXBuildFile section */

/* Begin PBXContainerItemProxy section */
		8680661528BCC6150009E244 /* PBXContainerItemProxy */ = {
			isa = PBXContainerItemProxy;
			containerPortal = 868065EE28BCC60F0009E244 /* Project object */;
			proxyType = 1;
			remoteGlobalIDString = 868065F528BCC60F0009E244;
			remoteInfo = FishHook;
		};
		8680661F28BCC6150009E244 /* PBXContainerItemProxy */ = {
			isa = PBXContainerItemProxy;
			containerPortal = 868065EE28BCC60F0009E244 /* Project object */;
			proxyType = 1;
			remoteGlobalIDString = 868065F528BCC60F0009E244;
			remoteInfo = FishHook;
		};
/* End PBXContainerItemProxy section */

/* Begin PBXFileReference section */
		868065F628BCC60F0009E244 /* FishHook.app */ = {isa = PBXFileReference; explicitFileType = wrapper.application; includeInIndex = 0; path = FishHook.app; sourceTree = BUILT_PRODUCTS_DIR; };
		868065F928BCC60F0009E244 /* AppDelegate.h */ = {isa = PBXFileReference; lastKnownFileType = sourcecode.c.h; path = AppDelegate.h; sourceTree = "<group>"; };
		868065FA28BCC60F0009E244 /* AppDelegate.m */ = {isa = PBXFileReference; lastKnownFileType = sourcecode.c.objc; path = AppDelegate.m; sourceTree = "<group>"; };
		868065FC28BCC60F0009E244 /* SceneDelegate.h */ = {isa = PBXFileReference; lastKnownFileType = sourcecode.c.h; path = SceneDelegate.h; sourceTree = "<group>"; };
		868065FD28BCC60F0009E244 /* SceneDelegate.m */ = {isa = PBXFileReference; lastKnownFileType = sourcecode.c.objc; path = SceneDelegate.m; sourceTree = "<group>"; };
		868065FF28BCC60F0009E244 /* ViewController.h */ = {isa = PBXFileReference; lastKnownFileType = sourcecode.c.h; path = ViewController.h; sourceTree = "<group>"; };
		8680660028BCC60F0009E244 /* ViewController.m */ = {isa = PBXFileReference; lastKnownFileType = sourcecode.c.objc; path = ViewController.m; sourceTree = "<group>"; };
		8680660328BCC60F0009E244 /* Base */ = {isa = PBXFileReference; lastKnownFileType = file.storyboard; name = Base; path = Base.lproj/Main.storyboard; sourceTree = "<group>"; };
		8680660628BCC60F0009E244 /* FishHook.xcdatamodel */ = {isa = PBXFileReference; lastKnownFileType = wrapper.xcdatamodel; path = FishHook.xcdatamodel; sourceTree = "<group>"; };
		8680660828BCC6140009E244 /* Assets.xcassets */ = {isa = PBXFileReference; lastKnownFileType = folder.assetcatalog; path = Assets.xcassets; sourceTree = "<group>"; };
		8680660B28BCC6140009E244 /* Base */ = {isa = PBXFileReference; lastKnownFileType = file.storyboard; name = Base; path = Base.lproj/LaunchScreen.storyboard; sourceTree = "<group>"; };
		8680660D28BCC6140009E244 /* Info.plist */ = {isa = PBXFileReference; lastKnownFileType = text.plist.xml; path = Info.plist; sourceTree = "<group>"; };
		8680660E28BCC6140009E244 /* main.m */ = {isa = PBXFileReference; lastKnownFileType = sourcecode.c.objc; path = main.m; sourceTree = "<group>"; };
		8680661428BCC6150009E244 /* FishHookTests.xctest */ = {isa = PBXFileReference; explicitFileType = wrapper.cfbundle; includeInIndex = 0; path = FishHookTests.xctest; sourceTree = BUILT_PRODUCTS_DIR; };
		8680661828BCC6150009E244 /* FishHookTests.m */ = {isa = PBXFileReference; lastKnownFileType = sourcecode.c.objc; path = FishHookTests.m; sourceTree = "<group>"; };
		8680661E28BCC6150009E244 /* FishHookUITests.xctest */ = {isa = PBXFileReference; explicitFileType = wrapper.cfbundle; includeInIndex = 0; path = FishHookUITests.xctest; sourceTree = BUILT_PRODUCTS_DIR; };
		8680662228BCC6150009E244 /* FishHookUITests.m */ = {isa = PBXFileReference; lastKnownFileType = sourcecode.c.objc; path = FishHookUITests.m; sourceTree = "<group>"; };
		8680662428BCC6150009E244 /* FishHookUITestsLaunchTests.m */ = {isa = PBXFileReference; lastKnownFileType = sourcecode.c.objc; path = FishHookUITestsLaunchTests.m; sourceTree = "<group>"; };
/* End PBXFileReference section */

/* Begin PBXFrameworksBuildPhase section */
		868065F328BCC60F0009E244 /* Frameworks */ = {
			isa = PBXFrameworksBuildPhase;
			buildActionMask = 2147483647;
			files = (
			);
			runOnlyForDeploymentPostprocessing = 0;
		};
		8680661128BCC6150009E244 /* Frameworks */ = {
			isa = PBXFrameworksBuildPhase;
			buildActionMask = 2147483647;
			files = (
			);
			runOnlyForDeploymentPostprocessing = 0;
		};
		8680661B28BCC6150009E244 /* Frameworks */ = {
			isa = PBXFrameworksBuildPhase;
			buildActionMask = 2147483647;
			files = (
			);
			runOnlyForDeploymentPostprocessing = 0;
		};
/* End PBXFrameworksBuildPhase section */

/* Begin PBXGroup section */
		868065ED28BCC60F0009E244 = {
			isa = PBXGroup;
			children = (
				868065F828BCC60F0009E244 /* FishHook */,
				8680661728BCC6150009E244 /* FishHookTests */,
				8680662128BCC6150009E244 /* FishHookUITests */,
				868065F728BCC60F0009E244 /* Products */,
			);
			sourceTree = "<group>";
		};
		868065F728BCC60F0009E244 /* Products */ = {
			isa = PBXGroup;
			children = (
				868065F628BCC60F0009E244 /* FishHook.app */,
				8680661428BCC6150009E244 /* FishHookTests.xctest */,
				8680661E28BCC6150009E244 /* FishHookUITests.xctest */,
			);
			name = Products;
			sourceTree = "<group>";
		};
		868065F828BCC60F0009E244 /* FishHook */ = {
			isa = PBXGroup;
			children = (
				868065F928BCC60F0009E244 /* AppDelegate.h */,
				868065FA28BCC60F0009E244 /* AppDelegate.m */,
				868065FC28BCC60F0009E244 /* SceneDelegate.h */,
				868065FD28BCC60F0009E244 /* SceneDelegate.m */,
				868065FF28BCC60F0009E244 /* ViewController.h */,
				8680660028BCC60F0009E244 /* ViewController.m */,
				8680660228BCC60F0009E244 /* Main.storyboard */,
				8680660828BCC6140009E244 /* Assets.xcassets */,
				8680660A28BCC6140009E244 /* LaunchScreen.storyboard */,
				8680660D28BCC6140009E244 /* Info.plist */,
				8680660E28BCC6140009E244 /* main.m */,
				8680660528BCC60F0009E244 /* FishHook.xcdatamodeld */,
			);
			path = FishHook;
			sourceTree = "<group>";
		};
		8680661728BCC6150009E244 /* FishHookTests */ = {
			isa = PBXGroup;
			children = (
				8680661828BCC6150009E244 /* FishHookTests.m */,
			);
			path = FishHookTests;
			sourceTree = "<group>";
		};
		8680662128BCC6150009E244 /* FishHookUITests */ = {
			isa = PBXGroup;
			children = (
				8680662228BCC6150009E244 /* FishHookUITests.m */,
				8680662428BCC6150009E244 /* FishHookUITestsLaunchTests.m */,
			);
			path = FishHookUITests;
			sourceTree = "<group>";
		};
/* End PBXGroup section */

/* Begin PBXNativeTarget section */
		868065F528BCC60F0009E244 /* FishHook */ = {
			isa = PBXNativeTarget;
			buildConfigurationList = 8680662828BCC6150009E244 /* Build configuration list for PBXNativeTarget "FishHook" */;
			buildPhases = (
				868065F228BCC60F0009E244 /* Sources */,
				868065F328BCC60F0009E244 /* Frameworks */,
				868065F428BCC60F0009E244 /* Resources */,
			);
			buildRules = (
			);
			dependencies = (
			);
			name = FishHook;
			productName = FishHook;
			productReference = 868065F628BCC60F0009E244 /* FishHook.app */;
			productType = "com.apple.product-type.application";
		};
		8680661328BCC6150009E244 /* FishHookTests */ = {
			isa = PBXNativeTarget;
			buildConfigurationList = 8680662B28BCC6150009E244 /* Build configuration list for PBXNativeTarget "FishHookTests" */;
			buildPhases = (
				8680661028BCC6150009E244 /* Sources */,
				8680661128BCC6150009E244 /* Frameworks */,
				8680661228BCC6150009E244 /* Resources */,
			);
			buildRules = (
			);
			dependencies = (
				8680661628BCC6150009E244 /* PBXTargetDependency */,
			);
			name = FishHookTests;
			productName = FishHookTests;
			productReference = 8680661428BCC6150009E244 /* FishHookTests.xctest */;
			productType = "com.apple.product-type.bundle.unit-test";
		};
		8680661D28BCC6150009E244 /* FishHookUITests */ = {
			isa = PBXNativeTarget;
			buildConfigurationList = 8680662E28BCC6150009E244 /* Build configuration list for PBXNativeTarget "FishHookUITests" */;
			buildPhases = (
				8680661A28BCC6150009E244 /* Sources */,
				8680661B28BCC6150009E244 /* Frameworks */,
				8680661C28BCC6150009E244 /* Resources */,
			);
			buildRules = (
			);
			dependencies = (
				8680662028BCC6150009E244 /* PBXTargetDependency */,
			);
			name = FishHookUITests;
			productName = FishHookUITests;
			productReference = 8680661E28BCC6150009E244 /* FishHookUITests.xctest */;
			productType = "com.apple.product-type.bundle.ui-testing";
		};
/* End PBXNativeTarget section */

/* Begin PBXProject section */
		868065EE28BCC60F0009E244 /* Project object */ = {
			isa = PBXProject;
			attributes = {
				BuildIndependentTargetsInParallel = 1;
				LastUpgradeCheck = 1340;
				TargetAttributes = {
					868065F528BCC60F0009E244 = {
						CreatedOnToolsVersion = 13.4.1;
					};
					8680661328BCC6150009E244 = {
						CreatedOnToolsVersion = 13.4.1;
						TestTargetID = 868065F528BCC60F0009E244;
					};
					8680661D28BCC6150009E244 = {
						CreatedOnToolsVersion = 13.4.1;
						TestTargetID = 868065F528BCC60F0009E244;
					};
				};
			};
			buildConfigurationList = 868065F128BCC60F0009E244 /* Build configuration list for PBXProject "FishHook" */;
			compatibilityVersion = "Xcode 13.0";
			developmentRegion = en;
			hasScannedForEncodings = 0;
			knownRegions = (
				en,
				Base,
			);
			mainGroup = 868065ED28BCC60F0009E244;
			productRefGroup = 868065F728BCC60F0009E244 /* Products */;
			projectDirPath = "";
			projectRoot = "";
			targets = (
				868065F528BCC60F0009E244 /* FishHook */,
				8680661328BCC6150009E244 /* FishHookTests */,
				8680661D28BCC6150009E244 /* FishHookUITests */,
			);
		};
/* End PBXProject section */

/* Begin PBXResourcesBuildPhase section */
		868065F428BCC60F0009E244 /* Resources */ = {
			isa = PBXResourcesBuildPhase;
			buildActionMask = 2147483647;
			files = (
				8680660C28BCC6140009E244 /* LaunchScreen.storyboard in Resources */,
				8680660928BCC6140009E244 /* Assets.xcassets in Resources */,
				8680660428BCC60F0009E244 /* Main.storyboard in Resources */,
			);
			runOnlyForDeploymentPostprocessing = 0;
		};
		8680661228BCC6150009E244 /* Resources */ = {
			isa = PBXResourcesBuildPhase;
			buildActionMask = 2147483647;
			files = (
			);
			runOnlyForDeploymentPostprocessing = 0;
		};
		8680661C28BCC6150009E244 /* Resources */ = {
			isa = PBXResourcesBuildPhase;
			buildActionMask = 2147483647;
			files = (
			);
			runOnlyForDeploymentPostprocessing = 0;
		};
/* End PBXResourcesBuildPhase section */

/* Begin PBXSourcesBuildPhase section */
		868065F228BCC60F0009E244 /* Sources */ = {
			isa = PBXSourcesBuildPhase;
			buildActionMask = 2147483647;
			files = (
				8680660F28BCC6140009E244 /* main.m in Sources */,
				8680660728BCC60F0009E244 /* FishHook.xcdatamodeld in Sources */,
				8680660128BCC60F0009E244 /* ViewController.m in Sources */,
				868065FB28BCC60F0009E244 /* AppDelegate.m in Sources */,
				868065FE28BCC60F0009E244 /* SceneDelegate.m in Sources */,
			);
			runOnlyForDeploymentPostprocessing = 0;
		};
		8680661028BCC6150009E244 /* Sources */ = {
			isa = PBXSourcesBuildPhase;
			buildActionMask = 2147483647;
			files = (
				8680661928BCC6150009E244 /* FishHookTests.m in Sources */,
			);
			runOnlyForDeploymentPostprocessing = 0;
		};
		8680661A28BCC6150009E244 /* Sources */ = {
			isa = PBXSourcesBuildPhase;
			buildActionMask = 2147483647;
			files = (
				8680662328BCC6150009E244 /* FishHookUITests.m in Sources */,
				8680662528BCC6150009E244 /* FishHookUITestsLaunchTests.m in Sources */,
			);
			runOnlyForDeploymentPostprocessing = 0;
		};
/* End PBXSourcesBuildPhase section */

/* Begin PBXTargetDependency section */
		8680661628BCC6150009E244 /* PBXTargetDependency */ = {
			isa = PBXTargetDependency;
			target = 868065F528BCC60F0009E244 /* FishHook */;
			targetProxy = 8680661528BCC6150009E244 /* PBXContainerItemProxy */;
		};
		8680662028BCC6150009E244 /* PBXTargetDependency */ = {
			isa = PBXTargetDependency;
			target = 868065F528BCC60F0009E244 /* FishHook */;
			targetProxy = 8680661F28BCC6150009E244 /* PBXContainerItemProxy */;
		};
/* End PBXTargetDependency section */

/* Begin PBXVariantGroup section */
		8680660228BCC60F0009E244 /* Main.storyboard */ = {
			isa = PBXVariantGroup;
			children = (
				8680660328BCC60F0009E244 /* Base */,
			);
			name = Main.storyboard;
			sourceTree = "<group>";
		};
		8680660A28BCC6140009E244 /* LaunchScreen.storyboard */ = {
			isa = PBXVariantGroup;
			children = (
				8680660B28BCC6140009E244 /* Base */,
			);
			name = LaunchScreen.storyboard;
			sourceTree = "<group>";
		};
/* End PBXVariantGroup section */

/* Begin XCBuildConfiguration section */
		8680662628BCC6150009E244 /* Debug */ = {
			isa = XCBuildConfiguration;
			buildSettings = {
				ALWAYS_SEARCH_USER_PATHS = NO;
				CLANG_ANALYZER_NONNULL = YES;
				CLANG_ANALYZER_NUMBER_OBJECT_CONVERSION = YES_AGGRESSIVE;
				CLANG_CXX_LANGUAGE_STANDARD = "gnu++17";
				CLANG_ENABLE_MODULES = YES;
				CLANG_ENABLE_OBJC_ARC = YES;
				CLANG_ENABLE_OBJC_WEAK = YES;
				CLANG_WARN_BLOCK_CAPTURE_AUTORELEASING = YES;
				CLANG_WARN_BOOL_CONVERSION = YES;
				CLANG_WARN_COMMA = YES;
				CLANG_WARN_CONSTANT_CONVERSION = YES;
				CLANG_WARN_DEPRECATED_OBJC_IMPLEMENTATIONS = YES;
				CLANG_WARN_DIRECT_OBJC_ISA_USAGE = YES_ERROR;
				CLANG_WARN_DOCUMENTATION_COMMENTS = YES;
				CLANG_WARN_EMPTY_BODY = YES;
				CLANG_WARN_ENUM_CONVERSION = YES;
				CLANG_WARN_INFINITE_RECURSION = YES;
				CLANG_WARN_INT_CONVERSION = YES;
				CLANG_WARN_NON_LITERAL_NULL_CONVERSION = YES;
				CLANG_WARN_OBJC_IMPLICIT_RETAIN_SELF = YES;
				CLANG_WARN_OBJC_LITERAL_CONVERSION = YES;
				CLANG_WARN_OBJC_ROOT_CLASS = YES_ERROR;
				CLANG_WARN_QUOTED_INCLUDE_IN_FRAMEWORK_HEADER = YES;
				CLANG_WARN_RANGE_LOOP_ANALYSIS = YES;
				CLANG_WARN_STRICT_PROTOTYPES = YES;
				CLANG_WARN_SUSPICIOUS_MOVE = YES;
				CLANG_WARN_UNGUARDED_AVAILABILITY = YES_AGGRESSIVE;
				CLANG_WARN_UNREACHABLE_CODE = YES;
				CLANG_WARN__DUPLICATE_METHOD_MATCH = YES;
				COPY_PHASE_STRIP = NO;
				DEBUG_INFORMATION_FORMAT = dwarf;
				ENABLE_STRICT_OBJC_MSGSEND = YES;
				ENABLE_TESTABILITY = YES;
				GCC_C_LANGUAGE_STANDARD = gnu11;
				GCC_DYNAMIC_NO_PIC = NO;
				GCC_NO_COMMON_BLOCKS = YES;
				GCC_OPTIMIZATION_LEVEL = 0;
				GCC_PREPROCESSOR_DEFINITIONS = (
					"DEBUG=1",
					"$(inherited)",
				);
				GCC_WARN_64_TO_32_BIT_CONVERSION = YES;
				GCC_WARN_ABOUT_RETURN_TYPE = YES_ERROR;
				GCC_WARN_UNDECLARED_SELECTOR = YES;
				GCC_WARN_UNINITIALIZED_AUTOS = YES_AGGRESSIVE;
				GCC_WARN_UNUSED_FUNCTION = YES;
				GCC_WARN_UNUSED_VARIABLE = YES;
				IPHONEOS_DEPLOYMENT_TARGET = 15.5;
				MTL_ENABLE_DEBUG_INFO = INCLUDE_SOURCE;
				MTL_FAST_MATH = YES;
				ONLY_ACTIVE_ARCH = YES;
				SDKROOT = iphoneos;
			};
			name = Debug;
		};
		8680662728BCC6150009E244 /* Release */ = {
			isa = XCBuildConfiguration;
			buildSettings = {
				ALWAYS_SEARCH_USER_PATHS = NO;
				CLANG_ANALYZER_NONNULL = YES;
				CLANG_ANALYZER_NUMBER_OBJECT_CONVERSION = YES_AGGRESSIVE;
				CLANG_CXX_LANGUAGE_STANDARD = "gnu++17";
				CLANG_ENABLE_MODULES = YES;
				CLANG_ENABLE_OBJC_ARC = YES;
				CLANG_ENABLE_OBJC_WEAK = YES;
				CLANG_WARN_BLOCK_CAPTURE_AUTORELEASING = YES;
				CLANG_WARN_BOOL_CONVERSION = YES;
				CLANG_WARN_COMMA = YES;
				CLANG_WARN_CONSTANT_CONVERSION = YES;
				CLANG_WARN_DEPRECATED_OBJC_IMPLEMENTATIONS = YES;
				CLANG_WARN_DIRECT_OBJC_ISA_USAGE = YES_ERROR;
				CLANG_WARN_DOCUMENTATION_COMMENTS = YES;
				CLANG_WARN_EMPTY_BODY = YES;
				CLANG_WARN_ENUM_CONVERSION = YES;
				CLANG_WARN_INFINITE_RECURSION = YES;
				CLANG_WARN_INT_CONVERSION = YES;
				CLANG_WARN_NON_LITERAL_NULL_CONVERSION = YES;
				CLANG_WARN_OBJC_IMPLICIT_RETAIN_SELF = YES;
				CLANG_WARN_OBJC_LITERAL_CONVERSION = YES;
				CLANG_WARN_OBJC_ROOT_CLASS = YES_ERROR;
				CLANG_WARN_QUOTED_INCLUDE_IN_FRAMEWORK_HEADER = YES;
				CLANG_WARN_RANGE_LOOP_ANALYSIS = YES;
				CLANG_WARN_STRICT_PROTOTYPES = YES;
				CLANG_WARN_SUSPICIOUS_MOVE = YES;
				CLANG_WARN_UNGUARDED_AVAILABILITY = YES_AGGRESSIVE;
				CLANG_WARN_UNREACHABLE_CODE = YES;
				CLANG_WARN__DUPLICATE_METHOD_MATCH = YES;
				COPY_PHASE_STRIP = NO;
				DEBUG_INFORMATION_FORMAT = "dwarf-with-dsym";
				ENABLE_NS_ASSERTIONS = NO;
				ENABLE_STRICT_OBJC_MSGSEND = YES;
				GCC_C_LANGUAGE_STANDARD = gnu11;
				GCC_NO_COMMON_BLOCKS = YES;
				GCC_WARN_64_TO_32_BIT_CONVERSION = YES;
				GCC_WARN_ABOUT_RETURN_TYPE = YES_ERROR;
				GCC_WARN_UNDECLARED_SELECTOR = YES;
				GCC_WARN_UNINITIALIZED_AUTOS = YES_AGGRESSIVE;
				GCC_WARN_UNUSED_FUNCTION = YES;
				GCC_WARN_UNUSED_VARIABLE = YES;
				IPHONEOS_DEPLOYMENT_TARGET = 15.5;
				MTL_ENABLE_DEBUG_INFO = NO;
				MTL_FAST_MATH = YES;
				SDKROOT = iphoneos;
				VALIDATE_PRODUCT = YES;
			};
			name = Release;
		};
		8680662928BCC6150009E244 /* Debug */ = {
			isa = XCBuildConfiguration;
			buildSettings = {
				ASSETCATALOG_COMPILER_APPICON_NAME = AppIcon;
				ASSETCATALOG_COMPILER_GLOBAL_ACCENT_COLOR_NAME = AccentColor;
				CODE_SIGN_STYLE = Automatic;
				CURRENT_PROJECT_VERSION = 1;
				GENERATE_INFOPLIST_FILE = YES;
				INFOPLIST_FILE = FishHook/Info.plist;
				INFOPLIST_KEY_UIApplicationSupportsIndirectInputEvents = YES;
				INFOPLIST_KEY_UILaunchStoryboardName = LaunchScreen;
				INFOPLIST_KEY_UIMainStoryboardFile = Main;
				INFOPLIST_KEY_UISupportedInterfaceOrientations_iPad = "UIInterfaceOrientationPortrait UIInterfaceOrientationPortraitUpsideDown UIInterfaceOrientationLandscapeLeft UIInterfaceOrientationLandscapeRight";
				INFOPLIST_KEY_UISupportedInterfaceOrientations_iPhone = "UIInterfaceOrientationPortrait UIInterfaceOrientationLandscapeLeft UIInterfaceOrientationLandscapeRight";
				LD_RUNPATH_SEARCH_PATHS = (
					"$(inherited)",
					"@executable_path/Frameworks",
				);
				MARKETING_VERSION = 1.0;
				PRODUCT_BUNDLE_IDENTIFIER = com.megahertz.fishHook.FishHook;
				PRODUCT_NAME = "$(TARGET_NAME)";
				SWIFT_EMIT_LOC_STRINGS = YES;
				TARGETED_DEVICE_FAMILY = "1,2";
			};
			name = Debug;
		};
		8680662A28BCC6150009E244 /* Release */ = {
			isa = XCBuildConfiguration;
			buildSettings = {
				ASSETCATALOG_COMPILER_APPICON_NAME = AppIcon;
				ASSETCATALOG_COMPILER_GLOBAL_ACCENT_COLOR_NAME = AccentColor;
				CODE_SIGN_STYLE = Automatic;
				CURRENT_PROJECT_VERSION = 1;
				GENERATE_INFOPLIST_FILE = YES;
				INFOPLIST_FILE = FishHook/Info.plist;
				INFOPLIST_KEY_UIApplicationSupportsIndirectInputEvents = YES;
				INFOPLIST_KEY_UILaunchStoryboardName = LaunchScreen;
				INFOPLIST_KEY_UIMainStoryboardFile = Main;
				INFOPLIST_KEY_UISupportedInterfaceOrientations_iPad = "UIInterfaceOrientationPortrait UIInterfaceOrientationPortraitUpsideDown UIInterfaceOrientationLandscapeLeft UIInterfaceOrientationLandscapeRight";
				INFOPLIST_KEY_UISupportedInterfaceOrientations_iPhone = "UIInterfaceOrientationPortrait UIInterfaceOrientationLandscapeLeft UIInterfaceOrientationLandscapeRight";
				LD_RUNPATH_SEARCH_PATHS = (
					"$(inherited)",
					"@executable_path/Frameworks",
				);
				MARKETING_VERSION = 1.0;
				PRODUCT_BUNDLE_IDENTIFIER = com.megahertz.fishHook.FishHook;
				PRODUCT_NAME = "$(TARGET_NAME)";
				SWIFT_EMIT_LOC_STRINGS = YES;
				TARGETED_DEVICE_FAMILY = "1,2";
			};
			name = Release;
		};
		8680662C28BCC6150009E244 /* Debug */ = {
			isa = XCBuildConfiguration;
			buildSettings = {
				BUNDLE_LOADER = "$(TEST_HOST)";
				CODE_SIGN_STYLE = Automatic;
				CURRENT_PROJECT_VERSION = 1;
				GENERATE_INFOPLIST_FILE = YES;
				IPHONEOS_DEPLOYMENT_TARGET = 15.5;
				MARKETING_VERSION = 1.0;
				PRODUCT_BUNDLE_IDENTIFIER = com.megahertz.fishHook.FishHookTests;
				PRODUCT_NAME = "$(TARGET_NAME)";
				SWIFT_EMIT_LOC_STRINGS = NO;
				TARGETED_DEVICE_FAMILY = "1,2";
				TEST_HOST = "$(BUILT_PRODUCTS_DIR)/FishHook.app/FishHook";
			};
			name = Debug;
		};
		8680662D28BCC6150009E244 /* Release */ = {
			isa = XCBuildConfiguration;
			buildSettings = {
				BUNDLE_LOADER = "$(TEST_HOST)";
				CODE_SIGN_STYLE = Automatic;
				CURRENT_PROJECT_VERSION = 1;
				GENERATE_INFOPLIST_FILE = YES;
				IPHONEOS_DEPLOYMENT_TARGET = 15.5;
				MARKETING_VERSION = 1.0;
				PRODUCT_BUNDLE_IDENTIFIER = com.megahertz.fishHook.FishHookTests;
				PRODUCT_NAME = "$(TARGET_NAME)";
				SWIFT_EMIT_LOC_STRINGS = NO;
				TARGETED_DEVICE_FAMILY = "1,2";
				TEST_HOST = "$(BUILT_PRODUCTS_DIR)/FishHook.app/FishHook";
			};
			name = Release;
		};
		8680662F28BCC6150009E244 /* Debug */ = {
			isa = XCBuildConfiguration;
			buildSettings = {
				CODE_SIGN_STYLE = Automatic;
				CURRENT_PROJECT_VERSION = 1;
				GENERATE_INFOPLIST_FILE = YES;
				MARKETING_VERSION = 1.0;
				PRODUCT_BUNDLE_IDENTIFIER = com.megahertz.fishHook.FishHookUITests;
				PRODUCT_NAME = "$(TARGET_NAME)";
				SWIFT_EMIT_LOC_STRINGS = NO;
				TARGETED_DEVICE_FAMILY = "1,2";
				TEST_TARGET_NAME = FishHook;
			};
			name = Debug;
		};
		8680663028BCC6150009E244 /* Release */ = {
			isa = XCBuildConfiguration;
			buildSettings = {
				CODE_SIGN_STYLE = Automatic;
				CURRENT_PROJECT_VERSION = 1;
				GENERATE_INFOPLIST_FILE = YES;
				MARKETING_VERSION = 1.0;
				PRODUCT_BUNDLE_IDENTIFIER = com.megahertz.fishHook.FishHookUITests;
				PRODUCT_NAME = "$(TARGET_NAME)";
				SWIFT_EMIT_LOC_STRINGS = NO;
				TARGETED_DEVICE_FAMILY = "1,2";
				TEST_TARGET_NAME = FishHook;
			};
			name = Release;
		};
/* End XCBuildConfiguration section */

/* Begin XCConfigurationList section */
		868065F128BCC60F0009E244 /* Build configuration list for PBXProject "FishHook" */ = {
			isa = XCConfigurationList;
			buildConfigurations = (
				8680662628BCC6150009E244 /* Debug */,
				8680662728BCC6150009E244 /* Release */,
			);
			defaultConfigurationIsVisible = 0;
			defaultConfigurationName = Release;
		};
		8680662828BCC6150009E244 /* Build configuration list for PBXNativeTarget "FishHook" */ = {
			isa = XCConfigurationList;
			buildConfigurations = (
				8680662928BCC6150009E244 /* Debug */,
				8680662A28BCC6150009E244 /* Release */,
			);
			defaultConfigurationIsVisible = 0;
			defaultConfigurationName = Release;
		};
		8680662B28BCC6150009E244 /* Build configuration list for PBXNativeTarget "FishHookTests" */ = {
			isa = XCConfigurationList;
			buildConfigurations = (
				8680662C28BCC6150009E244 /* Debug */,
				8680662D28BCC6150009E244 /* Release */,
			);
			defaultConfigurationIsVisible = 0;
			defaultConfigurationName = Release;
		};
		8680662E28BCC6150009E244 /* Build configuration list for PBXNativeTarget "FishHookUITests" */ = {
			isa = XCConfigurationList;
			buildConfigurations = (
				8680662F28BCC6150009E244 /* Debug */,
				8680663028BCC6150009E244 /* Release */,
			);
			defaultConfigurationIsVisible = 0;
			defaultConfigurationName = Release;
		};
/* End XCConfigurationList section */

/* Begin XCVersionGroup section */
		8680660528BCC60F0009E244 /* FishHook.xcdatamodeld */ = {
			isa = XCVersionGroup;
			children = (
				8680660628BCC60F0009E244 /* FishHook.xcdatamodel */,
			);
			currentVersion = 8680660628BCC60F0009E244 /* FishHook.xcdatamodel */;
			path = FishHook.xcdatamodeld;
			sourceTree = "<group>";
			versionGroupType = wrapper.xcdatamodel;
		};
/* End XCVersionGroup section */
	};
	rootObject = 868065EE28BCC60F0009E244 /* Project object */;
}
